
Microsoft Visual Studio Solution File, Format Version 12.00
# Visual Studio Version 17
VisualStudioVersion = 17.3.32929.385
MinimumVisualStudioVersion = 10.0.40219.1
Project("{FAE04EC0-301F-11D3-BF4B-00C04F79EFBC}") = "JWTWebApi", "JWTWebApi\JWTWebApi.csproj", "{A75A880C-C52C-4E29-A8EB-189856DCC2F8}"
EndProject
Global
	GlobalSection(SolutionConfigurationPlatforms) = preSolution
		Debug|Any CPU = Debug|Any CPU
		Release|Any CPU = Release|Any CPU
	EndGlobalSection
	GlobalSection(ProjectConfigurationPlatforms) = postSolution
		{A75A880C-C52C-4E29-A8EB-189856DCC2F8}.Debug|Any CPU.ActiveCfg = Debug|Any CPU
		{A75A880C-C52C-4E29-A8EB-189856DCC2F8}.Debug|Any CPU.Build.0 = Debug|Any CPU
		{A75A880C-C52C-4E29-A8EB-189856DCC2F8}.Release|Any CPU.ActiveCfg = Release|Any CPU
		{A75A880C-C52C-4E29-A8EB-189856DCC2F8}.Release|Any CPU.Build.0 = Release|Any CPU
	EndGlobalSection
	GlobalSection(SolutionProperties) = preSolution
		HideSolutionNode = FALSE
	EndGlobalSection
	GlobalSection(ExtensibilityGlobals) = postSolution
		SolutionGuid = {F2E49610-FF46-43A5-834A-5396CC7974DA}
	EndGlobalSection
EndGlobal
